
Microsoft Visual Studio Solution File, Format Version 12.00
# Visual Studio Version 17
VisualStudioVersion = 17.0.31903.59
MinimumVisualStudioVersion = 10.0.40219.1
Project("{FAE04EC0-301F-11D3-BF4B-00C04F79EFBC}") = "CurrencyExchange.Api", "CurrencyExchange.Api\CurrencyExchange.Api.csproj", "{58D8CD11-B6E9-476A-9E13-111CD5318535}"
EndProject
Project("{FAE04EC0-301F-11D3-BF4B-00C04F79EFBC}") = "CurrencyExchange.Domain", "CurrencyExchange.Domain\CurrencyExchange.Domain.csproj", "{FC8FBDE6-5E97-4E01-B47E-C2094877E932}"
EndProject
Project("{FAE04EC0-301F-11D3-BF4B-00C04F79EFBC}") = "CurrencyExchange.Application", "CurrencyExchange.Application\CurrencyExchange.Application.csproj", "{AC7143CE-657A-400F-9A50-32841CB70DDA}"
EndProject
Project("{FAE04EC0-301F-11D3-BF4B-00C04F79EFBC}") = "CurrencyExchange.Infrastructure", "CurrencyExchange.Infrastructure\CurrencyExchange.Infrastructure.csproj", "{BC065405-773E-4CB7-9F0B-900669F64F84}"
EndProject
Project("{FAE04EC0-301F-11D3-BF4B-00C04F79EFBC}") = "CurrencyExchange.Contracts", "CurrencyExchange.Contracts\CurrencyExchange.Contracts.csproj", "{D249ADF6-9F82-4588-964B-E4D5093DD8E6}"
EndProject
Global
	GlobalSection(SolutionConfigurationPlatforms) = preSolution
		Debug|Any CPU = Debug|Any CPU
		Release|Any CPU = Release|Any CPU
	EndGlobalSection
	GlobalSection(SolutionProperties) = preSolution
		HideSolutionNode = FALSE
	EndGlobalSection
	GlobalSection(ProjectConfigurationPlatforms) = postSolution
		{58D8CD11-B6E9-476A-9E13-111CD5318535}.Debug|Any CPU.ActiveCfg = Debug|Any CPU
		{58D8CD11-B6E9-476A-9E13-111CD5318535}.Debug|Any CPU.Build.0 = Debug|Any CPU
		{58D8CD11-B6E9-476A-9E13-111CD5318535}.Release|Any CPU.ActiveCfg = Release|Any CPU
		{58D8CD11-B6E9-476A-9E13-111CD5318535}.Release|Any CPU.Build.0 = Release|Any CPU
		{FC8FBDE6-5E97-4E01-B47E-C2094877E932}.Debug|Any CPU.ActiveCfg = Debug|Any CPU
		{FC8FBDE6-5E97-4E01-B47E-C2094877E932}.Debug|Any CPU.Build.0 = Debug|Any CPU
		{FC8FBDE6-5E97-4E01-B47E-C2094877E932}.Release|Any CPU.ActiveCfg = Release|Any CPU
		{FC8FBDE6-5E97-4E01-B47E-C2094877E932}.Release|Any CPU.Build.0 = Release|Any CPU
		{AC7143CE-657A-400F-9A50-32841CB70DDA}.Debug|Any CPU.ActiveCfg = Debug|Any CPU
		{AC7143CE-657A-400F-9A50-32841CB70DDA}.Debug|Any CPU.Build.0 = Debug|Any CPU
		{AC7143CE-657A-400F-9A50-32841CB70DDA}.Release|Any CPU.ActiveCfg = Release|Any CPU
		{AC7143CE-657A-400F-9A50-32841CB70DDA}.Release|Any CPU.Build.0 = Release|Any CPU
		{BC065405-773E-4CB7-9F0B-900669F64F84}.Debug|Any CPU.ActiveCfg = Debug|Any CPU
		{BC065405-773E-4CB7-9F0B-900669F64F84}.Debug|Any CPU.Build.0 = Debug|Any CPU
		{BC065405-773E-4CB7-9F0B-900669F64F84}.Release|Any CPU.ActiveCfg = Release|Any CPU
		{BC065405-773E-4CB7-9F0B-900669F64F84}.Release|Any CPU.Build.0 = Release|Any CPU
		{D249ADF6-9F82-4588-964B-E4D5093DD8E6}.Debug|Any CPU.ActiveCfg = Debug|Any CPU
		{D249ADF6-9F82-4588-964B-E4D5093DD8E6}.Debug|Any CPU.Build.0 = Debug|Any CPU
		{D249ADF6-9F82-4588-964B-E4D5093DD8E6}.Release|Any CPU.ActiveCfg = Release|Any CPU
		{D249ADF6-9F82-4588-964B-E4D5093DD8E6}.Release|Any CPU.Build.0 = Release|Any CPU
	EndGlobalSection
EndGlobal
